// !$*UTF8*$!
{
	archiveVersion = 1;
	classes = {
	};
	objectVersion = 46;
	objects = {

/* Begin PBXBuildFile section */
		C61DD9871E87145B0026EA34 /* AppDelegate.swift in Sources */ = {isa = PBXBuildFile; fileRef = C61DD9861E87145B0026EA34 /* AppDelegate.swift */; };
		C61DD9891E87145B0026EA34 /* ViewController.swift in Sources */ = {isa = PBXBuildFile; fileRef = C61DD9881E87145B0026EA34 /* ViewController.swift */; };
		C61DD98C1E87145B0026EA34 /* Main.storyboard in Resources */ = {isa = PBXBuildFile; fileRef = C61DD98A1E87145B0026EA34 /* Main.storyboard */; };
		C61DD98E1E87145B0026EA34 /* Assets.xcassets in Resources */ = {isa = PBXBuildFile; fileRef = C61DD98D1E87145B0026EA34 /* Assets.xcassets */; };
		C61DD9911E87145B0026EA34 /* LaunchScreen.storyboard in Resources */ = {isa = PBXBuildFile; fileRef = C61DD98F1E87145B0026EA34 /* LaunchScreen.storyboard */; };
/* End PBXBuildFile section */

/* Begin PBXFileReference section */
		C61DD9831E87145B0026EA34 /* mapkittut.app */ = {isa = PBXFileReference; explicitFileType = wrapper.application; includeInIndex = 0; path = mapkittut.app; sourceTree = BUILT_PRODUCTS_DIR; };
		C61DD9861E87145B0026EA34 /* AppDelegate.swift */ = {isa = PBXFileReference; lastKnownFileType = sourcecode.swift; path = AppDelegate.swift; sourceTree = "<group>"; };
		C61DD9881E87145B0026EA34 /* ViewController.swift */ = {isa = PBXFileReference; lastKnownFileType = sourcecode.swift; path = ViewController.swift; sourceTree = "<group>"; };
		C61DD98B1E87145B0026EA34 /* Base */ = {isa = PBXFileReference; lastKnownFileType = file.storyboard; name = Base; path = Base.lproj/Main.storyboard; sourceTree = "<group>"; };
		C61DD98D1E87145B0026EA34 /* Assets.xcassets */ = {isa = PBXFileReference; lastKnownFileType = folder.assetcatalog; path = Assets.xcassets; sourceTree = "<group>"; };
		C61DD9901E87145B0026EA34 /* Base */ = {isa = PBXFileReference; lastKnownFileType = file.storyboard; name = Base; path = Base.lproj/LaunchScreen.storyboard; sourceTree = "<group>"; };
		C61DD9921E87145B0026EA34 /* Info.plist */ = {isa = PBXFileReference; lastKnownFileType = text.plist.xml; path = Info.plist; sourceTree = "<group>"; };
/* End PBXFileReference section */

/* Begin PBXFrameworksBuildPhase section */
		C61DD9801E87145B0026EA34 /* Frameworks */ = {
			isa = PBXFrameworksBuildPhase;
			buildActionMask = 2147483647;
			files = (
			);
			runOnlyForDeploymentPostprocessing = 0;
		};
/* End PBXFrameworksBuildPhase section */

/* Begin PBXGroup section */
		C61DD97A1E87145B0026EA34 = {
			isa = PBXGroup;
			children = (
				C61DD9851E87145B0026EA34 /* mapkittut */,
				C61DD9841E87145B0026EA34 /* Products */,
			);
			sourceTree = "<group>";
		};
		C61DD9841E87145B0026EA34 /* Products */ = {
			isa = PBXGroup;
			children = (
				C61DD9831E87145B0026EA34 /* mapkittut.app */,
			);
			name = Products;
			sourceTree = "<group>";
		};
		C61DD9851E87145B0026EA34 /* mapkittut */ = {
			isa = PBXGroup;
			children = (
				C61DD9861E87145B0026EA34 /* AppDelegate.swift */,
				C61DD9881E87145B0026EA34 /* ViewController.swift */,
				C61DD98A1E87145B0026EA34 /* Main.storyboard */,
				C61DD98D1E87145B0026EA34 /* Assets.xcassets */,
				C61DD98F1E87145B0026EA34 /* LaunchScreen.storyboard */,
				C61DD9921E87145B0026EA34 /* Info.plist */,
			);
			path = mapkittut;
			sourceTree = "<group>";
		};
/* End PBXGroup section */

/* Begin PBXNativeTarget section */
		C61DD9821E87145B0026EA34 /* mapkittut */ = {
			isa = PBXNativeTarget;
			buildConfigurationList = C61DD9951E87145B0026EA34 /* Build configuration list for PBXNativeTarget "mapkittut" */;
			buildPhases = (
				C61DD97F1E87145B0026EA34 /* Sources */,
				C61DD9801E87145B0026EA34 /* Frameworks */,
				C61DD9811E87145B0026EA34 /* Resources */,
			);
			buildRules = (
			);
			dependencies = (
			);
			name = mapkittut;
			productName = mapkittut;
			productReference = C61DD9831E87145B0026EA34 /* mapkittut.app */;
			productType = "com.apple.product-type.application";
		};
/* End PBXNativeTarget section */

/* Begin PBXProject section */
		C61DD97B1E87145B0026EA34 /* Project object */ = {
			isa = PBXProject;
			attributes = {
				LastSwiftUpdateCheck = 0820;
				LastUpgradeCheck = 0820;
				ORGANIZATIONNAME = "Chris Mitchell";
				TargetAttributes = {
					C61DD9821E87145B0026EA34 = {
						CreatedOnToolsVersion = 8.2.1;
						DevelopmentTeam = 9ZXEG9D5CZ;
						ProvisioningStyle = Automatic;
					};
				};
			};
			buildConfigurationList = C61DD97E1E87145B0026EA34 /* Build configuration list for PBXProject "mapkittut" */;
			compatibilityVersion = "Xcode 3.2";
			developmentRegion = English;
			hasScannedForEncodings = 0;
			knownRegions = (
				en,
				Base,
			);
			mainGroup = C61DD97A1E87145B0026EA34;
			productRefGroup = C61DD9841E87145B0026EA34 /* Products */;
			projectDirPath = "";
			projectRoot = "";
			targets = (
				C61DD9821E87145B0026EA34 /* mapkittut */,
			);
		};
/* End PBXProject section */

/* Begin PBXResourcesBuildPhase section */
		C61DD9811E87145B0026EA34 /* Resources */ = {
			isa = PBXResourcesBuildPhase;
			buildActionMask = 2147483647;
			files = (
				C61DD9911E87145B0026EA34 /* LaunchScreen.storyboard in Resources */,
				C61DD98E1E87145B0026EA34 /* Assets.xcassets in Resources */,
				C61DD98C1E87145B0026EA34 /* Main.storyboard in Resources */,
			);
			runOnlyForDeploymentPostprocessing = 0;
		};
/* End PBXResourcesBuildPhase section */

/* Begin PBXSourcesBuildPhase section */
		C61DD97F1E87145B0026EA34 /* Sources */ = {
			isa = PBXSourcesBuildPhase;
			buildActionMask = 2147483647;
			files = (
				C61DD9891E87145B0026EA34 /* ViewController.swift in Sources */,
				C61DD9871E87145B0026EA34 /* AppDelegate.swift in Sources */,
			);
			runOnlyForDeploymentPostprocessing = 0;
		};
/* End PBXSourcesBuildPhase section */

/* Begin PBXVariantGroup section */
		C61DD98A1E87145B0026EA34 /* Main.storyboard */ = {
			isa = PBXVariantGroup;
			children = (
				C61DD98B1E87145B0026EA34 /* Base */,
			);
			name = Main.storyboard;
			sourceTree = "<group>";
		};
		C61DD98F1E87145B0026EA34 /* LaunchScreen.storyboard */ = {
			isa = PBXVariantGroup;
			children = (
				C61DD9901E87145B0026EA34 /* Base */,
			);
			name = LaunchScreen.storyboard;
			sourceTree = "<group>";
		};
/* End PBXVariantGroup section */

/* Begin XCBuildConfiguration section */
		C61DD9931E87145B0026EA34 /* Debug */ = {
			isa = XCBuildConfiguration;
			buildSettings = {
				ALWAYS_SEARCH_USER_PATHS = NO;
				CLANG_ANALYZER_NONNULL = YES;
				CLANG_CXX_LANGUAGE_STANDARD = "gnu++0x";
				CLANG_CXX_LIBRARY = "libc++";
				CLANG_ENABLE_MODULES = YES;
				CLANG_ENABLE_OBJC_ARC = YES;
				CLANG_WARN_BOOL_CONVERSION = YES;
				CLANG_WARN_CONSTANT_CONVERSION = YES;
				CLANG_WARN_DIRECT_OBJC_ISA_USAGE = YES_ERROR;
				CLANG_WARN_DOCUMENTATION_COMMENTS = YES;
				CLANG_WARN_EMPTY_BODY = YES;
				CLANG_WARN_ENUM_CONVERSION = YES;
				CLANG_WARN_INFINITE_RECURSION = YES;
				CLANG_WARN_INT_CONVERSION = YES;
				CLANG_WARN_OBJC_ROOT_CLASS = YES_ERROR;
				CLANG_WARN_SUSPICIOUS_MOVE = YES;
				CLANG_WARN_UNREACHABLE_CODE = YES;
				CLANG_WARN__DUPLICATE_METHOD_MATCH = YES;
				"CODE_SIGN_IDENTITY[sdk=iphoneos*]" = "iPhone Developer";
				COPY_PHASE_STRIP = NO;
				DEBUG_INFORMATION_FORMAT = dwarf;
				ENABLE_STRICT_OBJC_MSGSEND = YES;
				ENABLE_TESTABILITY = YES;
				GCC_C_LANGUAGE_STANDARD = gnu99;
				GCC_DYNAMIC_NO_PIC = NO;
				GCC_NO_COMMON_BLOCKS = YES;
				GCC_OPTIMIZATION_LEVEL = 0;
				GCC_PREPROCESSOR_DEFINITIONS = (
					"DEBUG=1",
					"$(inherited)",
				);
				GCC_WARN_64_TO_32_BIT_CONVERSION = YES;
				GCC_WARN_ABOUT_RETURN_TYPE = YES_ERROR;
				GCC_WARN_UNDECLARED_SELECTOR = YES;
				GCC_WARN_UNINITIALIZED_AUTOS = YES_AGGRESSIVE;
				GCC_WARN_UNUSED_FUNCTION = YES;
				GCC_WARN_UNUSED_VARIABLE = YES;
				IPHONEOS_DEPLOYMENT_TARGET = 10.2;
				MTL_ENABLE_DEBUG_INFO = YES;
				ONLY_ACTIVE_ARCH = YES;
				SDKROOT = iphoneos;
				SWIFT_ACTIVE_COMPILATION_CONDITIONS = DEBUG;
				SWIFT_OPTIMIZATION_LEVEL = "-Onone";
			};
			name = Debug;
		};
		C61DD9941E87145B0026EA34 /* Release */ = {
			isa = XCBuildConfiguration;
			buildSettings = {
				ALWAYS_SEARCH_USER_PATHS = NO;
				CLANG_ANALYZER_NONNULL = YES;
				CLANG_CXX_LANGUAGE_STANDARD = "gnu++0x";
				CLANG_CXX_LIBRARY = "libc++";
				CLANG_ENABLE_MODULES = YES;
				CLANG_ENABLE_OBJC_ARC = YES;
				CLANG_WARN_BOOL_CONVERSION = YES;
				CLANG_WARN_CONSTANT_CONVERSION = YES;
				CLANG_WARN_DIRECT_OBJC_ISA_USAGE = YES_ERROR;
				CLANG_WARN_DOCUMENTATION_COMMENTS = YES;
				CLANG_WARN_EMPTY_BODY = YES;
				CLANG_WARN_ENUM_CONVERSION = YES;
				CLANG_WARN_INFINITE_RECURSION = YES;
				CLANG_WARN_INT_CONVERSION = YES;
				CLANG_WARN_OBJC_ROOT_CLASS = YES_ERROR;
				CLANG_WARN_SUSPICIOUS_MOVE = YES;
				CLANG_WARN_UNREACHABLE_CODE = YES;
				CLANG_WARN__DUPLICATE_METHOD_MATCH = YES;
				"CODE_SIGN_IDENTITY[sdk=iphoneos*]" = "iPhone Developer";
				COPY_PHASE_STRIP = NO;
				DEBUG_INFORMATION_FORMAT = "dwarf-with-dsym";
				ENABLE_NS_ASSERTIONS = NO;
				ENABLE_STRICT_OBJC_MSGSEND = YES;
				GCC_C_LANGUAGE_STANDARD = gnu99;
				GCC_NO_COMMON_BLOCKS = YES;
				GCC_WARN_64_TO_32_BIT_CONVERSION = YES;
				GCC_WARN_ABOUT_RETURN_TYPE = YES_ERROR;
				GCC_WARN_UNDECLARED_SELECTOR = YES;
				GCC_WARN_UNINITIALIZED_AUTOS = YES_AGGRESSIVE;
				GCC_WARN_UNUSED_FUNCTION = YES;
				GCC_WARN_UNUSED_VARIABLE = YES;
				IPHONEOS_DEPLOYMENT_TARGET = 10.2;
				MTL_ENABLE_DEBUG_INFO = NO;
				SDKROOT = iphoneos;
				SWIFT_OPTIMIZATION_LEVEL = "-Owholemodule";
				VALIDATE_PRODUCT = YES;
			};
			name = Release;
		};
		C61DD9961E87145B0026EA34 /* Debug */ = {
			isa = XCBuildConfiguration;
			buildSettings = {
				ASSETCATALOG_COMPILER_APPICON_NAME = AppIcon;
				DEVELOPMENT_TEAM = 9ZXEG9D5CZ;
				INFOPLIST_FILE = mapkittut/Info.plist;
				LD_RUNPATH_SEARCH_PATHS = "$(inherited) @executable_path/Frameworks";
				PRODUCT_BUNDLE_IDENTIFIER = com.mapkittut.mapkittut;
				PRODUCT_NAME = "$(TARGET_NAME)";
				SWIFT_VERSION = 3.0;
			};
			name = Debug;
		};
		C61DD9971E87145B0026EA34 /* Release */ = {
			isa = XCBuildConfiguration;
			buildSettings = {
				ASSETCATALOG_COMPILER_APPICON_NAME = AppIcon;
				DEVELOPMENT_TEAM = 9ZXEG9D5CZ;
				INFOPLIST_FILE = mapkittut/Info.plist;
				LD_RUNPATH_SEARCH_PATHS = "$(inherited) @executable_path/Frameworks";
				PRODUCT_BUNDLE_IDENTIFIER = com.mapkittut.mapkittut;
				PRODUCT_NAME = "$(TARGET_NAME)";
				SWIFT_VERSION = 3.0;
			};
			name = Release;
		};
/* End XCBuildConfiguration section */

/* Begin XCConfigurationList section */
		C61DD97E1E87145B0026EA34 /* Build configuration list for PBXProject "mapkittut" */ = {
			isa = XCConfigurationList;
			buildConfigurations = (
				C61DD9931E87145B0026EA34 /* Debug */,
				C61DD9941E87145B0026EA34 /* Release */,
			);
			defaultConfigurationIsVisible = 0;
			defaultConfigurationName = Release;
		};
		C61DD9951E87145B0026EA34 /* Build configuration list for PBXNativeTarget "mapkittut" */ = {
			isa = XCConfigurationList;
			buildConfigurations = (
				C61DD9961E87145B0026EA34 /* Debug */,
				C61DD9971E87145B0026EA34 /* Release */,
			);
			defaultConfigurationIsVisible = 0;
		};
/* End XCConfigurationList section */
	};
	rootObject = C61DD97B1E87145B0026EA34 /* Project object */;
}
